<?xml version="1.0" encoding="utf-8"?>
<Project ToolsVersion="4.0" xmlns="http://schemas.microsoft.com/developer/msbuild/2003">
  <ItemGroup>
    <Filter Include="源文件">
      <UniqueIdentifier>{4FC737F1-C7A5-4376-A066-2A32D752A2FF}</UniqueIdentifier>
      <Extensions>cpp;c;cc;cxx;def;odl;idl;hpj;bat;asm;asmx</Extensions>
    </Filter>
    <Filter Include="头文件">
      <UniqueIdentifier>{93995380-89BD-4b04-88EB-625FBE52EBFB}</UniqueIdentifier>
      <Extensions>h;hh;hpp;hxx;hm;inl;inc;xsd</Extensions>
    </Filter>
    <Filter Include="资源文件">
      <UniqueIdentifier>{67DA6AB6-F800-4c08-8B7A-83BB121AAD01}</UniqueIdentifier>
      <Extensions>rc;ico;cur;bmp;dlg;rc2;rct;bin;rgs;gif;jpg;jpeg;jpe;resx;tiff;tif;png;wav;mfcribbon-ms</Extensions>
    </Filter>
    <Filter Include="texture">
      <UniqueIdentifier>{aaa47309-d5e8-4a86-818c-3037ccee66ba}</UniqueIdentifier>
    </Filter>
    <Filter Include="GLPorj">
      <UniqueIdentifier>{bded26f7-804c-4a6e-9407-f1d21da4bc16}</UniqueIdentifier>
    </Filter>
    <Filter Include="GE">
      <UniqueIdentifier>{c9edec92-6042-4459-ac2e-4962c2f63367}</UniqueIdentifier>
    </Filter>
    <Filter Include="GLPorj\tech">
      <UniqueIdentifier>{ad4f9bc5-7a64-44df-a750-0a7a5684d8e7}</UniqueIdentifier>
    </Filter>
    <Filter Include="GE\math">
      <UniqueIdentifier>{e9cc24f4-c1ba-4908-9145-a37122039761}</UniqueIdentifier>
    </Filter>
    <Filter Include="application">
      <UniqueIdentifier>{62729c0f-83a3-4fff-a8bd-40a5d0529088}</UniqueIdentifier>
    </Filter>
    <Filter Include="Include">
      <UniqueIdentifier>{8616abaa-8590-4c75-89a5-233030e8eef4}</UniqueIdentifier>
    </Filter>
    <Filter Include="Include\GL">
      <UniqueIdentifier>{74ff636e-abdd-4513-b9fb-33a1922ad5d2}</UniqueIdentifier>
    </Filter>
    <Filter Include="Include\libraries">
      <UniqueIdentifier>{2817eb8a-330a-4ae2-bb35-7745c8dbefcd}</UniqueIdentifier>
    </Filter>
    <Filter Include="Include\libraries\cimg">
      <UniqueIdentifier>{94d74500-bfd3-4136-aa4f-fbb61623d975}</UniqueIdentifier>
    </Filter>
    <Filter Include="Include\libraries\cimg\libjpeg">
      <UniqueIdentifier>{9da51309-0ec0-4277-a61f-dafabf10a4bf}</UniqueIdentifier>
    </Filter>
    <Filter Include="Include\libraries\assimp">
      <UniqueIdentifier>{434cbf5c-09e7-4154-98ba-be61591a9a32}</UniqueIdentifier>
    </Filter>
    <Filter Include="Include\libraries\assimp\Compiler">
      <UniqueIdentifier>{35a912af-4889-40f6-a7ce-1284c22d2ee7}</UniqueIdentifier>
    </Filter>
    <Filter Include="GE\scene">
      <UniqueIdentifier>{70d9e1e3-f743-48d4-8d21-e7ee8a6ac669}</UniqueIdentifier>
    </Filter>
    <Filter Include="GE\struct">
      <UniqueIdentifier>{23a31112-3c1d-4eb6-9261-a7516709dcee}</UniqueIdentifier>
    </Filter>
    <Filter Include="GE\renderer">
      <UniqueIdentifier>{cf5538ac-4fa6-44cf-8ddc-b485bf25727c}</UniqueIdentifier>
    </Filter>
    <Filter Include="geClass">
      <UniqueIdentifier>{f57e3c9a-3cb0-43a1-8b4f-8182801311f1}</UniqueIdentifier>
    </Filter>
    <Filter Include="geClass\basic">
      <UniqueIdentifier>{efd83f8f-26b7-47dd-8b91-3e57570f01b8}</UniqueIdentifier>
    </Filter>
    <Filter Include="geClass\external">
      <UniqueIdentifier>{f3f3d196-f93b-4289-9260-9f587dc89e11}</UniqueIdentifier>
    </Filter>
    <Filter Include="geClass\external\ConvertUTF">
      <UniqueIdentifier>{7b1078f0-2918-4bb3-a84a-aa0637442afd}</UniqueIdentifier>
    </Filter>
    <Filter Include="geClass\platform">
      <UniqueIdentifier>{2bc843bf-e0b9-4174-98cf-3d2c9c408a47}</UniqueIdentifier>
    </Filter>
    <Filter Include="geClass\platform\windows">
      <UniqueIdentifier>{3491bd13-ab0d-48a9-b486-4550b6bdbe7c}</UniqueIdentifier>
    </Filter>
  </ItemGroup>
  <ItemGroup>
    <Text Include="ReadMe.txt" />
  </ItemGroup>
  <ItemGroup>
    <ClInclude Include="stdafx.h">
      <Filter>头文件</Filter>
    </ClInclude>
    <ClInclude Include="targetver.h">
      <Filter>头文件</Filter>
    </ClInclude>
    <ClInclude Include="programUniforms\programUniforms.h">
      <Filter>头文件</Filter>
    </ClInclude>
    <ClInclude Include="GLPorj\Node.h">
      <Filter>GLPorj</Filter>
    </ClInclude>
    <ClInclude Include="GLPorj\Texture2DRender.h">
      <Filter>GLPorj</Filter>
    </ClInclude>
    <ClInclude Include="GE\FileUnits.h">
      <Filter>GE</Filter>
    </ClInclude>
    <ClInclude Include="GLPorj\tech\lightTechnique.h">
      <Filter>GLPorj\tech</Filter>
    </ClInclude>
    <ClInclude Include="GE\math\Mat3.h">
      <Filter>GE\math</Filter>
    </ClInclude>
    <ClInclude Include="GE\math\Mat4.h">
      <Filter>GE\math</Filter>
    </ClInclude>
    <ClInclude Include="GE\math\Quaternion.h">
      <Filter>GE\math</Filter>
    </ClInclude>
    <ClInclude Include="GE\math\Rect.h">
      <Filter>GE\math</Filter>
    </ClInclude>
    <ClInclude Include="GE\math\Vector2.h">
      <Filter>GE\math</Filter>
    </ClInclude>
    <ClInclude Include="GE\math\Vector3.h">
      <Filter>GE\math</Filter>
    </ClInclude>
    <ClInclude Include="GLPorj\Director.h">
      <Filter>GLPorj</Filter>
    </ClInclude>
    <ClInclude Include="GE\Camera2D.h">
      <Filter>GE</Filter>
    </ClInclude>
    <ClInclude Include="GE\Camera3D.h">
      <Filter>GE</Filter>
    </ClInclude>
    <ClInclude Include="GE\Camera.h">
      <Filter>GE</Filter>
    </ClInclude>
    <ClInclude Include="GLPorj\tech\texture2dTechnique.h">
      <Filter>GLPorj\tech</Filter>
    </ClInclude>
    <ClInclude Include="GLPorj\tech\techDefine.h">
      <Filter>GLPorj\tech</Filter>
    </ClInclude>
    <ClInclude Include="texture\TextureJpegLoader.h">
      <Filter>texture</Filter>
    </ClInclude>
    <ClInclude Include="GE\TextureManager.h">
      <Filter>GE</Filter>
    </ClInclude>
    <ClInclude Include="application\JikeTest.h">
      <Filter>application</Filter>
    </ClInclude>
    <ClInclude Include="application\triangleVertebralLight.h">
      <Filter>application</Filter>
    </ClInclude>
    <ClInclude Include="application\triangleVertebralTexture.h">
      <Filter>application</Filter>
    </ClInclude>
    <ClInclude Include="GLPorj\tech\normalTexTechnique.h">
      <Filter>GLPorj\tech</Filter>
    </ClInclude>
    <ClInclude Include="application\Texture2D.h">
      <Filter>application</Filter>
    </ClInclude>
    <ClInclude Include="Include\GL\glew.h">
      <Filter>Include\GL</Filter>
    </ClInclude>
    <ClInclude Include="Include\GL\glxew.h">
      <Filter>Include\GL</Filter>
    </ClInclude>
    <ClInclude Include="Include\GL\wglew.h">
      <Filter>Include\GL</Filter>
    </ClInclude>
    <ClInclude Include="Include\GL\freeglut.h">
      <Filter>Include\GL</Filter>
    </ClInclude>
    <ClInclude Include="Include\GL\freeglut_ext.h">
      <Filter>Include\GL</Filter>
    </ClInclude>
    <ClInclude Include="Include\GL\freeglut_std.h">
      <Filter>Include\GL</Filter>
    </ClInclude>
    <ClInclude Include="Include\libraries\cimg\libjpeg\jmorecfg.h">
      <Filter>Include\libraries\cimg\libjpeg</Filter>
    </ClInclude>
    <ClInclude Include="Include\libraries\cimg\libjpeg\jpeglib.h">
      <Filter>Include\libraries\cimg\libjpeg</Filter>
    </ClInclude>
    <ClInclude Include="Include\libraries\cimg\libjpeg\jconfig.h">
      <Filter>Include\libraries\cimg\libjpeg</Filter>
    </ClInclude>
    <ClInclude Include="Include\libraries\cimg\jpeg_buffer.h">
      <Filter>Include\libraries\cimg</Filter>
    </ClInclude>
    <ClInclude Include="Include\libraries\cimg\CImg.h">
      <Filter>Include\libraries\cimg</Filter>
    </ClInclude>
    <ClInclude Include="Include\libraries\assimp\camera.h">
      <Filter>Include\libraries\assimp</Filter>
    </ClInclude>
    <ClInclude Include="Include\libraries\assimp\cexport.h">
      <Filter>Include\libraries\assimp</Filter>
    </ClInclude>
    <ClInclude Include="Include\libraries\assimp\cfileio.h">
      <Filter>Include\libraries\assimp</Filter>
    </ClInclude>
    <ClInclude Include="Include\libraries\assimp\cimport.h">
      <Filter>Include\libraries\assimp</Filter>
    </ClInclude>
    <ClInclude Include="Include\libraries\assimp\color4.h">
      <Filter>Include\libraries\assimp</Filter>
    </ClInclude>
    <ClInclude Include="Include\libraries\assimp\config.h">
      <Filter>Include\libraries\assimp</Filter>
    </ClInclude>
    <ClInclude Include="Include\libraries\assimp\DefaultLogger.hpp">
      <Filter>Include\libraries\assimp</Filter>
    </ClInclude>
    <ClInclude Include="Include\libraries\assimp\defs.h">
      <Filter>Include\libraries\assimp</Filter>
    </ClInclude>
    <ClInclude Include="Include\libraries\assimp\Exporter.hpp">
      <Filter>Include\libraries\assimp</Filter>
    </ClInclude>
    <ClInclude Include="Include\libraries\assimp\Importer.hpp">
      <Filter>Include\libraries\assimp</Filter>
    </ClInclude>
    <ClInclude Include="Include\libraries\assimp\importerdesc.h">
      <Filter>Include\libraries\assimp</Filter>
    </ClInclude>
    <ClInclude Include="Include\libraries\assimp\IOStream.hpp">
      <Filter>Include\libraries\assimp</Filter>
    </ClInclude>
    <ClInclude Include="Include\libraries\assimp\IOSystem.hpp">
      <Filter>Include\libraries\assimp</Filter>
    </ClInclude>
    <ClInclude Include="Include\libraries\assimp\light.h">
      <Filter>Include\libraries\assimp</Filter>
    </ClInclude>
    <ClInclude Include="Include\libraries\assimp\Logger.hpp">
      <Filter>Include\libraries\assimp</Filter>
    </ClInclude>
    <ClInclude Include="Include\libraries\assimp\LogStream.hpp">
      <Filter>Include\libraries\assimp</Filter>
    </ClInclude>
    <ClInclude Include="Include\libraries\assimp\material.h">
      <Filter>Include\libraries\assimp</Filter>
    </ClInclude>
    <ClInclude Include="Include\libraries\assimp\matrix3x3.h">
      <Filter>Include\libraries\assimp</Filter>
    </ClInclude>
    <ClInclude Include="Include\libraries\assimp\matrix4x4.h">
      <Filter>Include\libraries\assimp</Filter>
    </ClInclude>
    <ClInclude Include="Include\libraries\assimp\mesh.h">
      <Filter>Include\libraries\assimp</Filter>
    </ClInclude>
    <ClInclude Include="Include\libraries\assimp\metadata.h">
      <Filter>Include\libraries\assimp</Filter>
    </ClInclude>
    <ClInclude Include="Include\libraries\assimp\NullLogger.hpp">
      <Filter>Include\libraries\assimp</Filter>
    </ClInclude>
    <ClInclude Include="Include\libraries\assimp\postprocess.h">
      <Filter>Include\libraries\assimp</Filter>
    </ClInclude>
    <ClInclude Include="Include\libraries\assimp\ProgressHandler.hpp">
      <Filter>Include\libraries\assimp</Filter>
    </ClInclude>
    <ClInclude Include="Include\libraries\assimp\scene.h">
      <Filter>Include\libraries\assimp</Filter>
    </ClInclude>
    <ClInclude Include="Include\libraries\assimp\texture.h">
      <Filter>Include\libraries\assimp</Filter>
    </ClInclude>
    <ClInclude Include="Include\libraries\assimp\types.h">
      <Filter>Include\libraries\assimp</Filter>
    </ClInclude>
    <ClInclude Include="Include\libraries\assimp\version.h">
      <Filter>Include\libraries\assimp</Filter>
    </ClInclude>
    <ClInclude Include="Include\libraries\assimp\ai_assert.h">
      <Filter>Include\libraries\assimp</Filter>
    </ClInclude>
    <ClInclude Include="Include\libraries\assimp\anim.h">
      <Filter>Include\libraries\assimp</Filter>
    </ClInclude>
    <ClInclude Include="Include\libraries\assimp\Compiler\pstdint.h">
      <Filter>Include\libraries\assimp\Compiler</Filter>
    </ClInclude>
    <ClInclude Include="Include\libraries\assimp\Compiler\pushpack1.h">
      <Filter>Include\libraries\assimp\Compiler</Filter>
    </ClInclude>
    <ClInclude Include="Include\libraries\assimp\Compiler\poppack1.h">
      <Filter>Include\libraries\assimp\Compiler</Filter>
    </ClInclude>
    <ClInclude Include="Include\libraries\assimp\aiquaternion.h">
      <Filter>Include\libraries\assimp</Filter>
    </ClInclude>
    <ClInclude Include="Include\libraries\assimp\aivector3.h">
      <Filter>Include\libraries\assimp</Filter>
    </ClInclude>
    <ClInclude Include="Include\libraries\assimp\aivector2.h">
      <Filter>Include\libraries\assimp</Filter>
    </ClInclude>
    <ClInclude Include="application\meshObject.h">
      <Filter>application</Filter>
    </ClInclude>
    <ClInclude Include="GE\MeshNode.h">
      <Filter>GE</Filter>
    </ClInclude>
    <ClInclude Include="application\meshShadowMap.h">
      <Filter>application</Filter>
    </ClInclude>
    <ClInclude Include="GLPorj\tech\shadowMapMeshTechnique.h">
      <Filter>GLPorj\tech</Filter>
    </ClInclude>
    <ClInclude Include="application\meshShadow.h">
      <Filter>application</Filter>
    </ClInclude>
    <ClInclude Include="GLPorj\tech\shadowMeshTechnique.h">
      <Filter>GLPorj\tech</Filter>
    </ClInclude>
    <ClInclude Include="GE\bumpNormalMeshNode.h">
      <Filter>GE</Filter>
    </ClInclude>
    <ClInclude Include="GLPorj\tech\bumpNormalLightTechnique.h">
      <Filter>GLPorj\tech</Filter>
    </ClInclude>
    <ClInclude Include="application\meshbumpNormal.h">
      <Filter>application</Filter>
    </ClInclude>
    <ClInclude Include="application\SkyBox.h">
      <Filter>application</Filter>
    </ClInclude>
    <ClInclude Include="GLPorj\tech\skyBoxTechnique.h">
      <Filter>GLPorj\tech</Filter>
    </ClInclude>
    <ClInclude Include="application\BillboardList.h">
      <Filter>application</Filter>
    </ClInclude>
    <ClInclude Include="GLPorj\tech\billboardTechnique.h">
      <Filter>GLPorj\tech</Filter>
    </ClInclude>
    <ClInclude Include="application\Test.h">
      <Filter>application</Filter>
    </ClInclude>
    <ClInclude Include="GLPorj\tech\testTechnique.h">
      <Filter>GLPorj\tech</Filter>
    </ClInclude>
    <ClInclude Include="GE\skinMeshNode.h">
      <Filter>GE</Filter>
    </ClInclude>
    <ClInclude Include="application\meshSkinnedAnimation.h">
      <Filter>application</Filter>
    </ClInclude>
    <ClInclude Include="GLPorj\tech\skinnedMeshTechnique.h">
      <Filter>GLPorj\tech</Filter>
    </ClInclude>
    <ClInclude Include="texture\TextureTgaLoader.h">
      <Filter>texture</Filter>
    </ClInclude>
    <ClInclude Include="GE\ogldev_util.h">
      <Filter>GE</Filter>
    </ClInclude>
    <ClInclude Include="GE\ogldev_types.h">
      <Filter>GE</Filter>
    </ClInclude>
    <ClInclude Include="GE\scene\Scene.h">
      <Filter>GE\scene</Filter>
    </ClInclude>
    <ClInclude Include="GE\scene\SceneNode.h">
      <Filter>GE\scene</Filter>
    </ClInclude>
    <ClInclude Include="GE\scene\InPutControl.h">
      <Filter>GE\scene</Filter>
    </ClInclude>
    <ClInclude Include="GE\scene\SceneManager.h">
      <Filter>GE\scene</Filter>
    </ClInclude>
    <ClInclude Include="GE\scene\InPutInterface.h">
      <Filter>GE\scene</Filter>
    </ClInclude>
    <ClInclude Include="GE\math\Vector4.h">
      <Filter>GE\math</Filter>
    </ClInclude>
    <ClInclude Include="GE\math\Ray.h">
      <Filter>GE\math</Filter>
    </ClInclude>
    <ClInclude Include="GE\math\Plane.h">
      <Filter>GE\math</Filter>
    </ClInclude>
    <ClInclude Include="GE\math\AABBBox.h">
      <Filter>GE\math</Filter>
    </ClInclude>
    <ClInclude Include="GE\ModelMesh.h">
      <Filter>GE</Filter>
    </ClInclude>
    <ClInclude Include="application\GBuffer.h">
      <Filter>application</Filter>
    </ClInclude>
    <ClInclude Include="GLPorj\tech\geometryTechnique.h">
      <Filter>GLPorj\tech</Filter>
    </ClInclude>
    <ClInclude Include="GLPorj\tech\GBufferDiffuselightTechnique.h">
      <Filter>GLPorj\tech</Filter>
    </ClInclude>
    <ClInclude Include="GE\OGLGE.h">
      <Filter>application</Filter>
    </ClInclude>
    <ClInclude Include="GE\xFreeTypeFont.h">
      <Filter>GE</Filter>
    </ClInclude>
    <ClInclude Include="GE\FTFontManager.h">
      <Filter>GE</Filter>
    </ClInclude>
    <ClInclude Include="GE\statisticalNode.h">
      <Filter>GE</Filter>
    </ClInclude>
    <ClInclude Include="GE\struct\hashtable.h">
      <Filter>GE\struct</Filter>
    </ClInclude>
    <ClInclude Include="GE\struct\llist.h">
      <Filter>GE\struct</Filter>
    </ClInclude>
    <ClInclude Include="GE\math\Line.h">
      <Filter>GE\math</Filter>
    </ClInclude>
    <ClInclude Include="GE\math\Triangle.h">
      <Filter>GE\math</Filter>
    </ClInclude>
    <ClInclude Include="GE\renderer\common.h">
      <Filter>GE\renderer</Filter>
    </ClInclude>
    <ClInclude Include="GE\renderer\BspTree.h">
      <Filter>GE\renderer</Filter>
    </ClInclude>
    <ClInclude Include="GE\Pipeline.h">
      <Filter>GE</Filter>
    </ClInclude>
    <ClInclude Include="GE\renderer\technique.h">
      <Filter>GE\renderer</Filter>
    </ClInclude>
    <ClInclude Include="GE\renderer\shaders.h">
      <Filter>GE\renderer</Filter>
    </ClInclude>
    <ClInclude Include="..\geClass\basic\ccUTF8.h">
      <Filter>geClass\basic</Filter>
    </ClInclude>
    <ClInclude Include="..\geClass\basic\console.h">
      <Filter>geClass\basic</Filter>
    </ClInclude>
    <ClInclude Include="..\geClass\basic\platformConfig.h">
      <Filter>geClass\basic</Filter>
    </ClInclude>
    <ClInclude Include="..\geClass\basic\Singleton.h">
      <Filter>geClass\basic</Filter>
    </ClInclude>
    <ClInclude Include="..\geClass\basic\base.h">
      <Filter>geClass\basic</Filter>
    </ClInclude>
    <ClInclude Include="..\geClass\basic\base64.h">
      <Filter>geClass\basic</Filter>
    </ClInclude>
    <ClInclude Include="..\geClass\external\ConvertUTF\ConvertUTF.h">
      <Filter>geClass\external\ConvertUTF</Filter>
    </ClInclude>
    <ClInclude Include="..\geClass\oglgeCommon.h">
      <Filter>geClass</Filter>
    </ClInclude>
    <ClInclude Include="..\geClass\platform\platformConfig.h">
      <Filter>geClass\platform</Filter>
    </ClInclude>
    <ClInclude Include="..\geClass\platform\windows\platformDefine_windows.h">
      <Filter>geClass\platform\windows</Filter>
    </ClInclude>
  </ItemGroup>
  <ItemGroup>
    <ClCompile Include="stdafx.cpp">
      <Filter>源文件</Filter>
    </ClCompile>
    <ClCompile Include="Win32Project1.cpp">
      <Filter>源文件</Filter>
    </ClCompile>
    <ClCompile Include="programUniforms\programUniforms.cpp">
      <Filter>源文件</Filter>
    </ClCompile>
    <ClCompile Include="GLPorj\Node.cpp">
      <Filter>GLPorj</Filter>
    </ClCompile>
    <ClCompile Include="GLPorj\Texture2DRender.cpp">
      <Filter>GLPorj</Filter>
    </ClCompile>
    <ClCompile Include="GE\FileUnits.cpp">
      <Filter>GE</Filter>
    </ClCompile>
    <ClCompile Include="GLPorj\tech\lightTechnique.cpp">
      <Filter>GLPorj\tech</Filter>
    </ClCompile>
    <ClCompile Include="GE\math\Mat3.cpp">
      <Filter>GE\math</Filter>
    </ClCompile>
    <ClCompile Include="GE\math\Mat4.cpp">
      <Filter>GE\math</Filter>
    </ClCompile>
    <ClCompile Include="GE\math\Quaternion.cpp">
      <Filter>GE\math</Filter>
    </ClCompile>
    <ClCompile Include="GE\math\Rect.cpp">
      <Filter>GE\math</Filter>
    </ClCompile>
    <ClCompile Include="GE\math\Vector2.cpp">
      <Filter>GE\math</Filter>
    </ClCompile>
    <ClCompile Include="GE\math\Vector3.cpp">
      <Filter>GE\math</Filter>
    </ClCompile>
    <ClCompile Include="GLPorj\Director.cpp">
      <Filter>GLPorj</Filter>
    </ClCompile>
    <ClCompile Include="GE\Camera2D.cpp">
      <Filter>GE</Filter>
    </ClCompile>
    <ClCompile Include="GE\Camera3D.cpp">
      <Filter>GE</Filter>
    </ClCompile>
    <ClCompile Include="GE\Camera.cpp">
      <Filter>GE</Filter>
    </ClCompile>
    <ClCompile Include="GLPorj\tech\texture2dTechnique.cpp">
      <Filter>GLPorj\tech</Filter>
    </ClCompile>
    <ClCompile Include="texture\TextureJpegLoader.cpp">
      <Filter>texture</Filter>
    </ClCompile>
    <ClCompile Include="GE\TextureManager.cpp">
      <Filter>GE</Filter>
    </ClCompile>
    <ClCompile Include="application\JikeTest.cpp">
      <Filter>application</Filter>
    </ClCompile>
    <ClCompile Include="application\triangleVertebralLight.cpp">
      <Filter>application</Filter>
    </ClCompile>
    <ClCompile Include="application\triangleVertebralTexture.cpp">
      <Filter>application</Filter>
    </ClCompile>
    <ClCompile Include="GLPorj\tech\normalTexTechnique.cpp">
      <Filter>GLPorj\tech</Filter>
    </ClCompile>
    <ClCompile Include="application\Texture2D.cpp">
      <Filter>application</Filter>
    </ClCompile>
    <ClCompile Include="application\meshObject.cpp">
      <Filter>application</Filter>
    </ClCompile>
    <ClCompile Include="GE\MeshNode.cpp">
      <Filter>GE</Filter>
    </ClCompile>
    <ClCompile Include="application\meshShadowMap.cpp">
      <Filter>application</Filter>
    </ClCompile>
    <ClCompile Include="GLPorj\tech\shadowMapMeshTechnique.cpp">
      <Filter>GLPorj\tech</Filter>
    </ClCompile>
    <ClCompile Include="application\meshShadow.cpp">
      <Filter>application</Filter>
    </ClCompile>
    <ClCompile Include="GLPorj\tech\shadowMeshTechnique.cpp">
      <Filter>GLPorj\tech</Filter>
    </ClCompile>
    <ClCompile Include="GE\bumpNormalMeshNode.cpp">
      <Filter>GE</Filter>
    </ClCompile>
    <ClCompile Include="GLPorj\tech\bumpNormalLightTechnique.cpp">
      <Filter>GLPorj\tech</Filter>
    </ClCompile>
    <ClCompile Include="application\meshbumpNormal.cpp">
      <Filter>application</Filter>
    </ClCompile>
    <ClCompile Include="application\SkyBox.cpp">
      <Filter>application</Filter>
    </ClCompile>
    <ClCompile Include="GLPorj\tech\skyBoxTechnique.cpp">
      <Filter>GLPorj\tech</Filter>
    </ClCompile>
    <ClCompile Include="application\BillboardList.cpp">
      <Filter>application</Filter>
    </ClCompile>
    <ClCompile Include="GLPorj\tech\billboardTechnique.cpp">
      <Filter>GLPorj\tech</Filter>
    </ClCompile>
    <ClCompile Include="application\Test.cpp">
      <Filter>application</Filter>
    </ClCompile>
    <ClCompile Include="GLPorj\tech\testTechnique.cpp">
      <Filter>GLPorj\tech</Filter>
    </ClCompile>
    <ClCompile Include="GE\skinMeshNode.cpp">
      <Filter>GE</Filter>
    </ClCompile>
    <ClCompile Include="application\meshSkinnedAnimation.cpp">
      <Filter>application</Filter>
    </ClCompile>
    <ClCompile Include="GLPorj\tech\skinnedMeshTechnique.cpp">
      <Filter>GLPorj\tech</Filter>
    </ClCompile>
    <ClCompile Include="texture\TextureTgaLoader.cpp">
      <Filter>texture</Filter>
    </ClCompile>
    <ClCompile Include="GE\ogldev_util.cpp">
      <Filter>GE</Filter>
    </ClCompile>
    <ClCompile Include="GE\scene\Scene.cpp">
      <Filter>GE\scene</Filter>
    </ClCompile>
    <ClCompile Include="GE\scene\SceneNode.cpp">
      <Filter>GE\scene</Filter>
    </ClCompile>
    <ClCompile Include="GE\scene\InPutControl.cpp">
      <Filter>GE\scene</Filter>
    </ClCompile>
    <ClCompile Include="GE\scene\SceneManager.cpp">
      <Filter>GE\scene</Filter>
    </ClCompile>
    <ClCompile Include="GE\math\Vector4.cpp">
      <Filter>GE\math</Filter>
    </ClCompile>
    <ClCompile Include="GE\math\Plane.cpp">
      <Filter>GE\math</Filter>
    </ClCompile>
    <ClCompile Include="GE\math\Ray.cpp">
      <Filter>GE\math</Filter>
    </ClCompile>
    <ClCompile Include="GE\math\AABBBox.cpp">
      <Filter>GE\math</Filter>
    </ClCompile>
    <ClCompile Include="GE\ModelMesh.cpp">
      <Filter>GE</Filter>
    </ClCompile>
    <ClCompile Include="application\GBuffer.cpp">
      <Filter>application</Filter>
    </ClCompile>
    <ClCompile Include="GLPorj\tech\geometryTechnique.cpp">
      <Filter>GLPorj\tech</Filter>
    </ClCompile>
    <ClCompile Include="GLPorj\tech\GBufferDiffuselightTechnique.cpp">
      <Filter>GLPorj\tech</Filter>
    </ClCompile>
    <ClCompile Include="GE\OGLGE.cpp">
      <Filter>application</Filter>
    </ClCompile>
    <ClCompile Include="GE\xFreeTypeFont.cpp">
      <Filter>GE</Filter>
    </ClCompile>
    <ClCompile Include="GE\FTFontManager.cpp">
      <Filter>GE</Filter>
    </ClCompile>
    <ClCompile Include="GE\statisticalNode.cpp">
      <Filter>GE</Filter>
    </ClCompile>
    <ClCompile Include="GE\math\Line.cpp">
      <Filter>GE\math</Filter>
    </ClCompile>
    <ClCompile Include="GE\math\Triangle.cpp">
      <Filter>GE\math</Filter>
    </ClCompile>
    <ClCompile Include="GE\renderer\BspTree.cpp">
      <Filter>GE\renderer</Filter>
    </ClCompile>
    <ClCompile Include="GE\Pipeline.cpp">
      <Filter>GE</Filter>
    </ClCompile>
    <ClCompile Include="GE\renderer\technique.cpp">
      <Filter>GE\renderer</Filter>
    </ClCompile>
    <ClCompile Include="GE\renderer\shaders.cpp">
      <Filter>GE\renderer</Filter>
    </ClCompile>
    <ClCompile Include="..\geClass\basic\ccUTF8.cpp">
      <Filter>geClass\basic</Filter>
    </ClCompile>
    <ClCompile Include="..\geClass\basic\console.cpp">
      <Filter>geClass\basic</Filter>
    </ClCompile>
    <ClCompile Include="..\geClass\basic\Singleton.cpp">
      <Filter>geClass\basic</Filter>
    </ClCompile>
    <ClCompile Include="..\geClass\basic\base64.cpp">
      <Filter>geClass\basic</Filter>
    </ClCompile>
    <ClCompile Include="..\geClass\external\ConvertUTF\ConvertUTFWrapper.cpp">
      <Filter>geClass\external\ConvertUTF</Filter>
    </ClCompile>
    <ClCompile Include="..\geClass\external\ConvertUTF\ConvertUTF.cpp">
      <Filter>geClass\external\ConvertUTF</Filter>
    </ClCompile>
  </ItemGroup>
  <ItemGroup>
    <None Include="Include\libraries\assimp\color4.inl">
      <Filter>Include\libraries\assimp</Filter>
    </None>
    <None Include="Include\libraries\assimp\material.inl">
      <Filter>Include\libraries\assimp</Filter>
    </None>
    <None Include="Include\libraries\assimp\matrix3x3.inl">
      <Filter>Include\libraries\assimp</Filter>
    </None>
    <None Include="Include\libraries\assimp\matrix4x4.inl">
      <Filter>Include\libraries\assimp</Filter>
    </None>
    <None Include="Include\libraries\assimp\aiquaternion.inl">
      <Filter>Include\libraries\assimp</Filter>
    </None>
    <None Include="Include\libraries\assimp\aivector3.inl">
      <Filter>Include\libraries\assimp</Filter>
    </None>
    <None Include="Include\libraries\assimp\aivector2.inl">
      <Filter>Include\libraries\assimp</Filter>
    </None>
  </ItemGroup>
</Project>